
Microsoft Visual Studio Solution File, Format Version 12.00
# Visual Studio 2012
Project("{2150E333-8FDC-42A3-9474-1A3956D46DE8}") = "0 - Modeling and Design", "0 - Modeling and Design", "{E67950A7-91EB-4426-8FDE-CF741EFAB74E}"
	ProjectSection(SolutionItems) = preProject
		Domain.CoreContext\DesignNotes.txt = Domain.CoreContext\DesignNotes.txt
	EndProjectSection
EndProject
Project("{2150E333-8FDC-42A3-9474-1A3956D46DE8}") = "1 - Layers", "1 - Layers", "{FB71725E-9379-4321-9144-2E1243F9EF36}"
EndProject
Project("{2150E333-8FDC-42A3-9474-1A3956D46DE8}") = "1.1 - Presentation and Client APIs", "1.1 - Presentation and Client APIs", "{A1961048-FF14-4C38-8B9E-2DB5A7E4D637}"
EndProject
Project("{2150E333-8FDC-42A3-9474-1A3956D46DE8}") = "1.2 - Distributed Services", "1.2 - Distributed Services", "{F1C1FC57-0E3D-4F9C-8683-65855926E18A}"
EndProject
Project("{2150E333-8FDC-42A3-9474-1A3956D46DE8}") = "1.3 - Application", "1.3 - Application", "{86D68D32-6B94-4401-A1B5-A65F482A1AAD}"
EndProject
Project("{2150E333-8FDC-42A3-9474-1A3956D46DE8}") = "1.4 - Domain", "1.4 - Domain", "{2722B82E-FCB4-4D2B-BEBE-AF3DEBDEE26F}"
EndProject
Project("{2150E333-8FDC-42A3-9474-1A3956D46DE8}") = "1.5 - Infrastructure", "1.5 - Infrastructure", "{E72E6008-B7D2-4645-B28C-E621BA2E5BE7}"
EndProject
Project("{2150E333-8FDC-42A3-9474-1A3956D46DE8}") = "1.4.1 - Seedwork", "1.4.1 - Seedwork", "{8C9FD9C2-DDBA-4C8F-91FC-83766F02E379}"
EndProject
Project("{2150E333-8FDC-42A3-9474-1A3956D46DE8}") = "1.4.2 - CoreContext", "1.4.2 - CoreContext", "{A4AFFEF8-48BC-4A06-A5D3-CDED946544A7}"
EndProject
Project("{FAE04EC0-301F-11D3-BF4B-00C04F79EFBC}") = "Domain.Seedwork", "Domain.Seedwork\Domain.Seedwork.csproj", "{04D675A3-B794-44BD-A25C-673BB44739CB}"
EndProject
Project("{FAE04EC0-301F-11D3-BF4B-00C04F79EFBC}") = "Domain.CoreContext", "Domain.CoreContext\Domain.CoreContext.csproj", "{F7F15F85-A171-4EDC-B507-03A8D80915A8}"
EndProject
Project("{FAE04EC0-301F-11D3-BF4B-00C04F79EFBC}") = "Domain.CoreContext.Tests", "Domain.CoreContext.Tests\Domain.CoreContext.Tests.csproj", "{22AAFBA0-1493-4A12-B085-399FCA959C43}"
EndProject
Project("{2150E333-8FDC-42A3-9474-1A3956D46DE8}") = "1.3.1 - Seedwork", "1.3.1 - Seedwork", "{2480FD0A-EAD3-4300-B551-7061FFEC4BC6}"
EndProject
Project("{2150E333-8FDC-42A3-9474-1A3956D46DE8}") = "1.3.2 - CoreContext", "1.3.2 - CoreContext", "{40536E75-2757-4FC2-BF7E-AFC21FB71D31}"
EndProject
Project("{FAE04EC0-301F-11D3-BF4B-00C04F79EFBC}") = "Application.Seedwork", "Application.Seedwork\Application.Seedwork.csproj", "{7F17BC81-B7D1-46D8-A94B-FDBAE17F94B7}"
EndProject
Project("{2150E333-8FDC-42A3-9474-1A3956D46DE8}") = "1.5.1 - Data", "1.5.1 - Data", "{A7BF307D-4D42-4C72-945F-FA09D47AB05E}"
EndProject
Project("{2150E333-8FDC-42A3-9474-1A3956D46DE8}") = "1.5.2 - Crosscutting", "1.5.2 - Crosscutting", "{76789C5B-B51A-412E-87E0-9699C1701731}"
EndProject
Project("{2150E333-8FDC-42A3-9474-1A3956D46DE8}") = "1.5.1.1 - Seedwork", "1.5.1.1 - Seedwork", "{F2595EB3-DEE2-4D34-B8CE-A65273B8C52E}"
EndProject
Project("{FAE04EC0-301F-11D3-BF4B-00C04F79EFBC}") = "Infrastructure.Data.Seedwork", "Infrastructure.Data.Seedwork\Infrastructure.Data.Seedwork.csproj", "{09AAF2C8-47DC-4F12-A3A0-130DCDB1495B}"
EndProject
Project("{2150E333-8FDC-42A3-9474-1A3956D46DE8}") = "1.5.1.2 - CoreContext", "1.5.1.2 - CoreContext", "{146C5B11-0DE0-41D6-AB4F-06250590C105}"
EndProject
Project("{FAE04EC0-301F-11D3-BF4B-00C04F79EFBC}") = "Infrastructure.Crosscutting", "Infrastructure.Crosscutting\Infrastructure.Crosscutting.csproj", "{106C7F00-C03F-4E29-87AF-ACD1BA292078}"
EndProject
Project("{FAE04EC0-301F-11D3-BF4B-00C04F79EFBC}") = "Infrastructure.Crosscutting.NetFramework", "Infrastructure.Crosscutting.NetFramework\Infrastructure.Crosscutting.NetFramework.csproj", "{81CAB7AA-5235-42DB-82E6-2B4A0A1F9987}"
EndProject
Project("{FAE04EC0-301F-11D3-BF4B-00C04F79EFBC}") = "Infrastructure.Data.CoreContext", "Infrastructure.Data.CoreContext\Infrastructure.Data.CoreContext.csproj", "{35E13CFB-E992-475D-8E53-EA09A539AB43}"
EndProject
Project("{FAE04EC0-301F-11D3-BF4B-00C04F79EFBC}") = "Application.CoreContext.DTO", "Application.CoreContext.DTO\Application.CoreContext.DTO.csproj", "{62FB7287-FE06-4E8B-AB66-25603D9E2610}"
EndProject
Project("{FAE04EC0-301F-11D3-BF4B-00C04F79EFBC}") = "Application.CoreContext", "Application.CoreContext\Application.CoreContext.csproj", "{75E4283A-61D1-4067-9F51-25EFB55113A6}"
EndProject
Project("{FAE04EC0-301F-11D3-BF4B-00C04F79EFBC}") = "Domain.Seedwork.Tests", "Domain.Seedwork.Tests\Domain.Seedwork.Tests.csproj", "{5183434D-BBD0-47FE-9ECE-A58C4AF5E914}"
EndProject
Project("{FAE04EC0-301F-11D3-BF4B-00C04F79EFBC}") = "Infrastructure.Crosscutting.Tests", "Infrastructure.Crosscutting.Tests\Infrastructure.Crosscutting.Tests.csproj", "{7F302C0B-7C20-4CED-8E9A-C35E28C81889}"
EndProject
Project("{FAE04EC0-301F-11D3-BF4B-00C04F79EFBC}") = "Infrastructure.Data.CoreContext.Tests", "Infrastructure.Data.CoreContext.Tests\Infrastructure.Data.CoreContext.Tests.csproj", "{28E6495D-BC08-4A62-8A82-7E67194D712D}"
EndProject
Project("{2150E333-8FDC-42A3-9474-1A3956D46DE8}") = "1.2.1 - Seedwork", "1.2.1 - Seedwork", "{A5108D99-78A7-4CA5-82CC-F563EF299185}"
EndProject
Project("{FAE04EC0-301F-11D3-BF4B-00C04F79EFBC}") = "DistributedServices.Seedwork", "DistributedServices.Seedwork\DistributedServices.Seedwork.csproj", "{32241C1D-E0D2-41D0-907A-0631943B360C}"
EndProject
Project("{2150E333-8FDC-42A3-9474-1A3956D46DE8}") = "1.2.2 - Restful", "1.2.2 - Restful", "{9A08EC1E-810C-45C9-AB52-5D025CF99538}"
EndProject
Project("{FAE04EC0-301F-11D3-BF4B-00C04F79EFBC}") = "DistributedServices.Restful.CoreContext", "DistributedServices.Restful.CoreContext\DistributedServices.Restful.CoreContext.csproj", "{79C6281C-4CBD-4758-A556-F48C7A837805}"
EndProject
Project("{2150E333-8FDC-42A3-9474-1A3956D46DE8}") = "1.1.1 - Seedwork", "1.1.1 - Seedwork", "{1938B39D-0624-414A-9DDB-79F25836648B}"
EndProject
Project("{2150E333-8FDC-42A3-9474-1A3956D46DE8}") = "1.1.2 - .Net Client API", "1.1.2 - .Net Client API", "{A73F0E50-0EC3-46A6-B715-45657C730266}"
EndProject
Project("{2150E333-8FDC-42A3-9474-1A3956D46DE8}") = "1.1.3 - Web Client", "1.1.3 - Web Client", "{278646E8-08D6-492C-A513-B2985938873C}"
EndProject
Project("{FAE04EC0-301F-11D3-BF4B-00C04F79EFBC}") = "Presentation.Seedwork", "Presentation.Seedwork\Presentation.Seedwork.csproj", "{D85CB642-0037-4D1D-BB4A-0242AF2AFE1D}"
EndProject
Project("{FAE04EC0-301F-11D3-BF4B-00C04F79EFBC}") = "Presentation.WebClient", "Presentation.WebClient\Presentation.WebClient.csproj", "{A426683C-0A73-4934-A2DF-013EBC40D686}"
EndProject
Project("{F088123C-0E9E-452A-89E6-6BA2F21D5CAC}") = "Model", "Model\Model.modelproj", "{D43C4AE1-DEAB-47C8-9F05-9CCC69D434E7}"
EndProject
Project("{2150E333-8FDC-42A3-9474-1A3956D46DE8}") = "1.2.3 - Soap", "1.2.3 - Soap", "{F4A58C17-F20A-4272-B737-2AD4672B63F4}"
EndProject
Project("{FAE04EC0-301F-11D3-BF4B-00C04F79EFBC}") = "DistributedServices.Soap.CoreContext", "DistributedServices.Soap.CoreContext\DistributedServices.Soap.CoreContext.csproj", "{DF369BA7-D133-4CB2-B0F9-E10B28659920}"
EndProject
Project("{FAE04EC0-301F-11D3-BF4B-00C04F79EFBC}") = "SmsAgileSoapApi", "SmsAgileSoapApi\SmsAgileSoapApi.csproj", "{E4A1D183-3642-44F6-ACAB-EBDA7A1C729E}"
	ProjectSection(ProjectDependencies) = postProject
		{DF369BA7-D133-4CB2-B0F9-E10B28659920} = {DF369BA7-D133-4CB2-B0F9-E10B28659920}
	EndProjectSection
EndProject
Project("{FAE04EC0-301F-11D3-BF4B-00C04F79EFBC}") = "SmsAgileSoapApi.Tests", "SmsAgileSoapApi.Tests\SmsAgileSoapApi.Tests.csproj", "{8624F8B6-82AE-4515-89F7-87A16C82BE23}"
EndProject
Project("{FAE04EC0-301F-11D3-BF4B-00C04F79EFBC}") = "Infrastructure.Operadoras", "Infrastructure.Operadoras\Infrastructure.Operadoras.csproj", "{B0EF9E66-095F-4832-AA07-4BBBE54D2AFD}"
EndProject
Global
	GlobalSection(SolutionConfigurationPlatforms) = preSolution
		Debug|Any CPU = Debug|Any CPU
		Release|Any CPU = Release|Any CPU
	EndGlobalSection
	GlobalSection(ProjectConfigurationPlatforms) = postSolution
		{04D675A3-B794-44BD-A25C-673BB44739CB}.Debug|Any CPU.ActiveCfg = Debug|Any CPU
		{04D675A3-B794-44BD-A25C-673BB44739CB}.Debug|Any CPU.Build.0 = Debug|Any CPU
		{04D675A3-B794-44BD-A25C-673BB44739CB}.Release|Any CPU.ActiveCfg = Release|Any CPU
		{04D675A3-B794-44BD-A25C-673BB44739CB}.Release|Any CPU.Build.0 = Release|Any CPU
		{F7F15F85-A171-4EDC-B507-03A8D80915A8}.Debug|Any CPU.ActiveCfg = Debug|Any CPU
		{F7F15F85-A171-4EDC-B507-03A8D80915A8}.Debug|Any CPU.Build.0 = Debug|Any CPU
		{F7F15F85-A171-4EDC-B507-03A8D80915A8}.Release|Any CPU.ActiveCfg = Release|Any CPU
		{F7F15F85-A171-4EDC-B507-03A8D80915A8}.Release|Any CPU.Build.0 = Release|Any CPU
		{22AAFBA0-1493-4A12-B085-399FCA959C43}.Debug|Any CPU.ActiveCfg = Debug|Any CPU
		{22AAFBA0-1493-4A12-B085-399FCA959C43}.Debug|Any CPU.Build.0 = Debug|Any CPU
		{22AAFBA0-1493-4A12-B085-399FCA959C43}.Release|Any CPU.ActiveCfg = Release|Any CPU
		{22AAFBA0-1493-4A12-B085-399FCA959C43}.Release|Any CPU.Build.0 = Release|Any CPU
		{7F17BC81-B7D1-46D8-A94B-FDBAE17F94B7}.Debug|Any CPU.ActiveCfg = Debug|Any CPU
		{7F17BC81-B7D1-46D8-A94B-FDBAE17F94B7}.Debug|Any CPU.Build.0 = Debug|Any CPU
		{7F17BC81-B7D1-46D8-A94B-FDBAE17F94B7}.Release|Any CPU.ActiveCfg = Release|Any CPU
		{7F17BC81-B7D1-46D8-A94B-FDBAE17F94B7}.Release|Any CPU.Build.0 = Release|Any CPU
		{09AAF2C8-47DC-4F12-A3A0-130DCDB1495B}.Debug|Any CPU.ActiveCfg = Debug|Any CPU
		{09AAF2C8-47DC-4F12-A3A0-130DCDB1495B}.Debug|Any CPU.Build.0 = Debug|Any CPU
		{09AAF2C8-47DC-4F12-A3A0-130DCDB1495B}.Release|Any CPU.ActiveCfg = Release|Any CPU
		{09AAF2C8-47DC-4F12-A3A0-130DCDB1495B}.Release|Any CPU.Build.0 = Release|Any CPU
		{106C7F00-C03F-4E29-87AF-ACD1BA292078}.Debug|Any CPU.ActiveCfg = Debug|Any CPU
		{106C7F00-C03F-4E29-87AF-ACD1BA292078}.Debug|Any CPU.Build.0 = Debug|Any CPU
		{106C7F00-C03F-4E29-87AF-ACD1BA292078}.Release|Any CPU.ActiveCfg = Release|Any CPU
		{106C7F00-C03F-4E29-87AF-ACD1BA292078}.Release|Any CPU.Build.0 = Release|Any CPU
		{81CAB7AA-5235-42DB-82E6-2B4A0A1F9987}.Debug|Any CPU.ActiveCfg = Debug|Any CPU
		{81CAB7AA-5235-42DB-82E6-2B4A0A1F9987}.Debug|Any CPU.Build.0 = Debug|Any CPU
		{81CAB7AA-5235-42DB-82E6-2B4A0A1F9987}.Release|Any CPU.ActiveCfg = Release|Any CPU
		{81CAB7AA-5235-42DB-82E6-2B4A0A1F9987}.Release|Any CPU.Build.0 = Release|Any CPU
		{35E13CFB-E992-475D-8E53-EA09A539AB43}.Debug|Any CPU.ActiveCfg = Debug|Any CPU
		{35E13CFB-E992-475D-8E53-EA09A539AB43}.Debug|Any CPU.Build.0 = Debug|Any CPU
		{35E13CFB-E992-475D-8E53-EA09A539AB43}.Release|Any CPU.ActiveCfg = Release|Any CPU
		{35E13CFB-E992-475D-8E53-EA09A539AB43}.Release|Any CPU.Build.0 = Release|Any CPU
		{62FB7287-FE06-4E8B-AB66-25603D9E2610}.Debug|Any CPU.ActiveCfg = Debug|Any CPU
		{62FB7287-FE06-4E8B-AB66-25603D9E2610}.Debug|Any CPU.Build.0 = Debug|Any CPU
		{62FB7287-FE06-4E8B-AB66-25603D9E2610}.Release|Any CPU.ActiveCfg = Release|Any CPU
		{62FB7287-FE06-4E8B-AB66-25603D9E2610}.Release|Any CPU.Build.0 = Release|Any CPU
		{75E4283A-61D1-4067-9F51-25EFB55113A6}.Debug|Any CPU.ActiveCfg = Debug|Any CPU
		{75E4283A-61D1-4067-9F51-25EFB55113A6}.Debug|Any CPU.Build.0 = Debug|Any CPU
		{75E4283A-61D1-4067-9F51-25EFB55113A6}.Release|Any CPU.ActiveCfg = Release|Any CPU
		{75E4283A-61D1-4067-9F51-25EFB55113A6}.Release|Any CPU.Build.0 = Release|Any CPU
		{5183434D-BBD0-47FE-9ECE-A58C4AF5E914}.Debug|Any CPU.ActiveCfg = Debug|Any CPU
		{5183434D-BBD0-47FE-9ECE-A58C4AF5E914}.Debug|Any CPU.Build.0 = Debug|Any CPU
		{5183434D-BBD0-47FE-9ECE-A58C4AF5E914}.Release|Any CPU.ActiveCfg = Release|Any CPU
		{5183434D-BBD0-47FE-9ECE-A58C4AF5E914}.Release|Any CPU.Build.0 = Release|Any CPU
		{7F302C0B-7C20-4CED-8E9A-C35E28C81889}.Debug|Any CPU.ActiveCfg = Debug|Any CPU
		{7F302C0B-7C20-4CED-8E9A-C35E28C81889}.Debug|Any CPU.Build.0 = Debug|Any CPU
		{7F302C0B-7C20-4CED-8E9A-C35E28C81889}.Release|Any CPU.ActiveCfg = Release|Any CPU
		{7F302C0B-7C20-4CED-8E9A-C35E28C81889}.Release|Any CPU.Build.0 = Release|Any CPU
		{28E6495D-BC08-4A62-8A82-7E67194D712D}.Debug|Any CPU.ActiveCfg = Debug|Any CPU
		{28E6495D-BC08-4A62-8A82-7E67194D712D}.Debug|Any CPU.Build.0 = Debug|Any CPU
		{28E6495D-BC08-4A62-8A82-7E67194D712D}.Release|Any CPU.ActiveCfg = Release|Any CPU
		{28E6495D-BC08-4A62-8A82-7E67194D712D}.Release|Any CPU.Build.0 = Release|Any CPU
		{32241C1D-E0D2-41D0-907A-0631943B360C}.Debug|Any CPU.ActiveCfg = Debug|Any CPU
		{32241C1D-E0D2-41D0-907A-0631943B360C}.Debug|Any CPU.Build.0 = Debug|Any CPU
		{32241C1D-E0D2-41D0-907A-0631943B360C}.Release|Any CPU.ActiveCfg = Release|Any CPU
		{32241C1D-E0D2-41D0-907A-0631943B360C}.Release|Any CPU.Build.0 = Release|Any CPU
		{79C6281C-4CBD-4758-A556-F48C7A837805}.Debug|Any CPU.ActiveCfg = Debug|Any CPU
		{79C6281C-4CBD-4758-A556-F48C7A837805}.Debug|Any CPU.Build.0 = Debug|Any CPU
		{79C6281C-4CBD-4758-A556-F48C7A837805}.Release|Any CPU.ActiveCfg = Release|Any CPU
		{79C6281C-4CBD-4758-A556-F48C7A837805}.Release|Any CPU.Build.0 = Release|Any CPU
		{D85CB642-0037-4D1D-BB4A-0242AF2AFE1D}.Debug|Any CPU.ActiveCfg = Debug|Any CPU
		{D85CB642-0037-4D1D-BB4A-0242AF2AFE1D}.Debug|Any CPU.Build.0 = Debug|Any CPU
		{D85CB642-0037-4D1D-BB4A-0242AF2AFE1D}.Release|Any CPU.ActiveCfg = Release|Any CPU
		{D85CB642-0037-4D1D-BB4A-0242AF2AFE1D}.Release|Any CPU.Build.0 = Release|Any CPU
		{A426683C-0A73-4934-A2DF-013EBC40D686}.Debug|Any CPU.ActiveCfg = Debug|Any CPU
		{A426683C-0A73-4934-A2DF-013EBC40D686}.Debug|Any CPU.Build.0 = Debug|Any CPU
		{A426683C-0A73-4934-A2DF-013EBC40D686}.Release|Any CPU.ActiveCfg = Release|Any CPU
		{A426683C-0A73-4934-A2DF-013EBC40D686}.Release|Any CPU.Build.0 = Release|Any CPU
		{D43C4AE1-DEAB-47C8-9F05-9CCC69D434E7}.Debug|Any CPU.ActiveCfg = Debug|Any CPU
		{D43C4AE1-DEAB-47C8-9F05-9CCC69D434E7}.Debug|Any CPU.Build.0 = Debug|Any CPU
		{D43C4AE1-DEAB-47C8-9F05-9CCC69D434E7}.Release|Any CPU.ActiveCfg = Release|Any CPU
		{D43C4AE1-DEAB-47C8-9F05-9CCC69D434E7}.Release|Any CPU.Build.0 = Release|Any CPU
		{DF369BA7-D133-4CB2-B0F9-E10B28659920}.Debug|Any CPU.ActiveCfg = Debug|Any CPU
		{DF369BA7-D133-4CB2-B0F9-E10B28659920}.Debug|Any CPU.Build.0 = Debug|Any CPU
		{DF369BA7-D133-4CB2-B0F9-E10B28659920}.Release|Any CPU.ActiveCfg = Release|Any CPU
		{DF369BA7-D133-4CB2-B0F9-E10B28659920}.Release|Any CPU.Build.0 = Release|Any CPU
		{E4A1D183-3642-44F6-ACAB-EBDA7A1C729E}.Debug|Any CPU.ActiveCfg = Debug|Any CPU
		{E4A1D183-3642-44F6-ACAB-EBDA7A1C729E}.Debug|Any CPU.Build.0 = Debug|Any CPU
		{E4A1D183-3642-44F6-ACAB-EBDA7A1C729E}.Release|Any CPU.ActiveCfg = Release|Any CPU
		{E4A1D183-3642-44F6-ACAB-EBDA7A1C729E}.Release|Any CPU.Build.0 = Release|Any CPU
		{8624F8B6-82AE-4515-89F7-87A16C82BE23}.Debug|Any CPU.ActiveCfg = Debug|Any CPU
		{8624F8B6-82AE-4515-89F7-87A16C82BE23}.Debug|Any CPU.Build.0 = Debug|Any CPU
		{8624F8B6-82AE-4515-89F7-87A16C82BE23}.Release|Any CPU.ActiveCfg = Release|Any CPU
		{8624F8B6-82AE-4515-89F7-87A16C82BE23}.Release|Any CPU.Build.0 = Release|Any CPU
		{B0EF9E66-095F-4832-AA07-4BBBE54D2AFD}.Debug|Any CPU.ActiveCfg = Debug|Any CPU
		{B0EF9E66-095F-4832-AA07-4BBBE54D2AFD}.Debug|Any CPU.Build.0 = Debug|Any CPU
		{B0EF9E66-095F-4832-AA07-4BBBE54D2AFD}.Release|Any CPU.ActiveCfg = Release|Any CPU
		{B0EF9E66-095F-4832-AA07-4BBBE54D2AFD}.Release|Any CPU.Build.0 = Release|Any CPU
	EndGlobalSection
	GlobalSection(SolutionProperties) = preSolution
		HideSolutionNode = FALSE
	EndGlobalSection
	GlobalSection(NestedProjects) = preSolution
		{D43C4AE1-DEAB-47C8-9F05-9CCC69D434E7} = {E67950A7-91EB-4426-8FDE-CF741EFAB74E}
		{A1961048-FF14-4C38-8B9E-2DB5A7E4D637} = {FB71725E-9379-4321-9144-2E1243F9EF36}
		{F1C1FC57-0E3D-4F9C-8683-65855926E18A} = {FB71725E-9379-4321-9144-2E1243F9EF36}
		{86D68D32-6B94-4401-A1B5-A65F482A1AAD} = {FB71725E-9379-4321-9144-2E1243F9EF36}
		{2722B82E-FCB4-4D2B-BEBE-AF3DEBDEE26F} = {FB71725E-9379-4321-9144-2E1243F9EF36}
		{E72E6008-B7D2-4645-B28C-E621BA2E5BE7} = {FB71725E-9379-4321-9144-2E1243F9EF36}
		{1938B39D-0624-414A-9DDB-79F25836648B} = {A1961048-FF14-4C38-8B9E-2DB5A7E4D637}
		{A73F0E50-0EC3-46A6-B715-45657C730266} = {A1961048-FF14-4C38-8B9E-2DB5A7E4D637}
		{278646E8-08D6-492C-A513-B2985938873C} = {A1961048-FF14-4C38-8B9E-2DB5A7E4D637}
		{A5108D99-78A7-4CA5-82CC-F563EF299185} = {F1C1FC57-0E3D-4F9C-8683-65855926E18A}
		{9A08EC1E-810C-45C9-AB52-5D025CF99538} = {F1C1FC57-0E3D-4F9C-8683-65855926E18A}
		{F4A58C17-F20A-4272-B737-2AD4672B63F4} = {F1C1FC57-0E3D-4F9C-8683-65855926E18A}
		{2480FD0A-EAD3-4300-B551-7061FFEC4BC6} = {86D68D32-6B94-4401-A1B5-A65F482A1AAD}
		{40536E75-2757-4FC2-BF7E-AFC21FB71D31} = {86D68D32-6B94-4401-A1B5-A65F482A1AAD}
		{8C9FD9C2-DDBA-4C8F-91FC-83766F02E379} = {2722B82E-FCB4-4D2B-BEBE-AF3DEBDEE26F}
		{A4AFFEF8-48BC-4A06-A5D3-CDED946544A7} = {2722B82E-FCB4-4D2B-BEBE-AF3DEBDEE26F}
		{A7BF307D-4D42-4C72-945F-FA09D47AB05E} = {E72E6008-B7D2-4645-B28C-E621BA2E5BE7}
		{76789C5B-B51A-412E-87E0-9699C1701731} = {E72E6008-B7D2-4645-B28C-E621BA2E5BE7}
		{04D675A3-B794-44BD-A25C-673BB44739CB} = {8C9FD9C2-DDBA-4C8F-91FC-83766F02E379}
		{5183434D-BBD0-47FE-9ECE-A58C4AF5E914} = {8C9FD9C2-DDBA-4C8F-91FC-83766F02E379}
		{F7F15F85-A171-4EDC-B507-03A8D80915A8} = {A4AFFEF8-48BC-4A06-A5D3-CDED946544A7}
		{22AAFBA0-1493-4A12-B085-399FCA959C43} = {A4AFFEF8-48BC-4A06-A5D3-CDED946544A7}
		{7F17BC81-B7D1-46D8-A94B-FDBAE17F94B7} = {2480FD0A-EAD3-4300-B551-7061FFEC4BC6}
		{62FB7287-FE06-4E8B-AB66-25603D9E2610} = {40536E75-2757-4FC2-BF7E-AFC21FB71D31}
		{75E4283A-61D1-4067-9F51-25EFB55113A6} = {40536E75-2757-4FC2-BF7E-AFC21FB71D31}
		{F2595EB3-DEE2-4D34-B8CE-A65273B8C52E} = {A7BF307D-4D42-4C72-945F-FA09D47AB05E}
		{146C5B11-0DE0-41D6-AB4F-06250590C105} = {A7BF307D-4D42-4C72-945F-FA09D47AB05E}
		{106C7F00-C03F-4E29-87AF-ACD1BA292078} = {76789C5B-B51A-412E-87E0-9699C1701731}
		{81CAB7AA-5235-42DB-82E6-2B4A0A1F9987} = {76789C5B-B51A-412E-87E0-9699C1701731}
		{7F302C0B-7C20-4CED-8E9A-C35E28C81889} = {76789C5B-B51A-412E-87E0-9699C1701731}
		{09AAF2C8-47DC-4F12-A3A0-130DCDB1495B} = {F2595EB3-DEE2-4D34-B8CE-A65273B8C52E}
		{35E13CFB-E992-475D-8E53-EA09A539AB43} = {146C5B11-0DE0-41D6-AB4F-06250590C105}
		{28E6495D-BC08-4A62-8A82-7E67194D712D} = {146C5B11-0DE0-41D6-AB4F-06250590C105}
		{B0EF9E66-095F-4832-AA07-4BBBE54D2AFD} = {146C5B11-0DE0-41D6-AB4F-06250590C105}
		{32241C1D-E0D2-41D0-907A-0631943B360C} = {A5108D99-78A7-4CA5-82CC-F563EF299185}
		{79C6281C-4CBD-4758-A556-F48C7A837805} = {9A08EC1E-810C-45C9-AB52-5D025CF99538}
		{D85CB642-0037-4D1D-BB4A-0242AF2AFE1D} = {1938B39D-0624-414A-9DDB-79F25836648B}
		{E4A1D183-3642-44F6-ACAB-EBDA7A1C729E} = {A73F0E50-0EC3-46A6-B715-45657C730266}
		{8624F8B6-82AE-4515-89F7-87A16C82BE23} = {A73F0E50-0EC3-46A6-B715-45657C730266}
		{A426683C-0A73-4934-A2DF-013EBC40D686} = {278646E8-08D6-492C-A513-B2985938873C}
		{DF369BA7-D133-4CB2-B0F9-E10B28659920} = {F4A58C17-F20A-4272-B737-2AD4672B63F4}
	EndGlobalSection
EndGlobal
